// !$*UTF8*$!
{
	archiveVersion = 1;
	classes = {
	};
	objectVersion = 50;
	objects = {

/* Begin PBXBuildFile section */
		80DD7685317CFC78CB55B753 /* Pods_Automobile_Catalog.framework in Frameworks */ = {isa = PBXBuildFile; fileRef = 3CD3AF11625B45D9A03DF17B /* Pods_Automobile_Catalog.framework */; };
		AB1CBF3622169689004B31C7 /* AppDelegate.swift in Sources */ = {isa = PBXBuildFile; fileRef = AB1CBF3522169689004B31C7 /* AppDelegate.swift */; };
		AB1CBF3D2216968A004B31C7 /* Assets.xcassets in Resources */ = {isa = PBXBuildFile; fileRef = AB1CBF3C2216968A004B31C7 /* Assets.xcassets */; };
		AB1CBF402216968A004B31C7 /* LaunchScreen.storyboard in Resources */ = {isa = PBXBuildFile; fileRef = AB1CBF3E2216968A004B31C7 /* LaunchScreen.storyboard */; };
		AB1CBF4E2216E3D5004B31C7 /* DefaultCell.swift in Sources */ = {isa = PBXBuildFile; fileRef = AB1CBF4D2216E3D5004B31C7 /* DefaultCell.swift */; };
		AB1CBF502216E407004B31C7 /* RealmWrapper.swift in Sources */ = {isa = PBXBuildFile; fileRef = AB1CBF4F2216E407004B31C7 /* RealmWrapper.swift */; };
		AB1CBF522216E503004B31C7 /* Realm+Init.swift in Sources */ = {isa = PBXBuildFile; fileRef = AB1CBF512216E503004B31C7 /* Realm+Init.swift */; };
		AB1CBF542216E554004B31C7 /* Constant.swift in Sources */ = {isa = PBXBuildFile; fileRef = AB1CBF532216E554004B31C7 /* Constant.swift */; };
		AB1CBF562216E5D3004B31C7 /* UIColor+AppColors.swift in Sources */ = {isa = PBXBuildFile; fileRef = AB1CBF552216E5D3004B31C7 /* UIColor+AppColors.swift */; };
		AB1CBF582216E611004B31C7 /* UITextField+ClearButton.swift in Sources */ = {isa = PBXBuildFile; fileRef = AB1CBF572216E611004B31C7 /* UITextField+ClearButton.swift */; };
		AB1CBF5A2216E68C004B31C7 /* UIAlert+defaultAlert.swift in Sources */ = {isa = PBXBuildFile; fileRef = AB1CBF592216E68C004B31C7 /* UIAlert+defaultAlert.swift */; };
		AB1CBF5C2216E6BC004B31C7 /* RealmWrapper+ChangeData.swift in Sources */ = {isa = PBXBuildFile; fileRef = AB1CBF5B2216E6BC004B31C7 /* RealmWrapper+ChangeData.swift */; };
		AB1CBF5E2216E783004B31C7 /* CarsListViewModelProtocol.swift in Sources */ = {isa = PBXBuildFile; fileRef = AB1CBF5D2216E783004B31C7 /* CarsListViewModelProtocol.swift */; };
		AB1CBF602216E7EE004B31C7 /* CarsListTableCellViewModelProtocol.swift in Sources */ = {isa = PBXBuildFile; fileRef = AB1CBF5F2216E7EE004B31C7 /* CarsListTableCellViewModelProtocol.swift */; };
		AB1CBF642216E8F6004B31C7 /* Car.swift in Sources */ = {isa = PBXBuildFile; fileRef = AB1CBF632216E8F6004B31C7 /* Car.swift */; };
		AB1CBF662216EB2C004B31C7 /* RealmCar.swift in Sources */ = {isa = PBXBuildFile; fileRef = AB1CBF652216EB2C004B31C7 /* RealmCar.swift */; };
		AB1CBF682216F08B004B31C7 /* CarDetailViewModelProtocol.swift in Sources */ = {isa = PBXBuildFile; fileRef = AB1CBF672216F08B004B31C7 /* CarDetailViewModelProtocol.swift */; };
		AB1CBF6A2216F0C0004B31C7 /* CarDetailTableCellViewModelProtocol.swift in Sources */ = {isa = PBXBuildFile; fileRef = AB1CBF692216F0C0004B31C7 /* CarDetailTableCellViewModelProtocol.swift */; };
		AB1CBF6E2216F48D004B31C7 /* CarsListController.swift in Sources */ = {isa = PBXBuildFile; fileRef = AB1CBF6D2216F48D004B31C7 /* CarsListController.swift */; };
		AB1CBF702216F4E0004B31C7 /* CarsListViewModel.swift in Sources */ = {isa = PBXBuildFile; fileRef = AB1CBF6F2216F4E0004B31C7 /* CarsListViewModel.swift */; };
		AB1CBF722216F4F6004B31C7 /* CarsListCoordinator.swift in Sources */ = {isa = PBXBuildFile; fileRef = AB1CBF712216F4F6004B31C7 /* CarsListCoordinator.swift */; };
		AB1CBF762216F7B7004B31C7 /* CarTableCell.swift in Sources */ = {isa = PBXBuildFile; fileRef = AB1CBF752216F7B7004B31C7 /* CarTableCell.swift */; };
		AB1CBF782216F814004B31C7 /* CarTableCellViewModel.swift in Sources */ = {isa = PBXBuildFile; fileRef = AB1CBF772216F814004B31C7 /* CarTableCellViewModel.swift */; };
		AB1CBF7A2216FDA6004B31C7 /* CarDetailViewModel.swift in Sources */ = {isa = PBXBuildFile; fileRef = AB1CBF792216FDA6004B31C7 /* CarDetailViewModel.swift */; };
		AB1CBF7C2216FDBA004B31C7 /* CarDetailController.swift in Sources */ = {isa = PBXBuildFile; fileRef = AB1CBF7B2216FDBA004B31C7 /* CarDetailController.swift */; };
		AB1CBF802217088E004B31C7 /* CarDetailInfoCell.swift in Sources */ = {isa = PBXBuildFile; fileRef = AB1CBF7F2217088E004B31C7 /* CarDetailInfoCell.swift */; };
		AB1CBF8222170C03004B31C7 /* CarDetailSubModelCell.swift in Sources */ = {isa = PBXBuildFile; fileRef = AB1CBF8122170C03004B31C7 /* CarDetailSubModelCell.swift */; };
		AB1CBF8422170C55004B31C7 /* CarDetailDeleteCell.swift in Sources */ = {isa = PBXBuildFile; fileRef = AB1CBF8322170C55004B31C7 /* CarDetailDeleteCell.swift */; };
		AB1CBF8622170C90004B31C7 /* CarDetailInfoCellViewModel.swift in Sources */ = {isa = PBXBuildFile; fileRef = AB1CBF8522170C90004B31C7 /* CarDetailInfoCellViewModel.swift */; };
		AB1CBF8822170D5C004B31C7 /* CarDetailSubModelViewModel.swift in Sources */ = {isa = PBXBuildFile; fileRef = AB1CBF8722170D5C004B31C7 /* CarDetailSubModelViewModel.swift */; };
		AB1CBF8A221712E9004B31C7 /* CarDetailDeleteCellViewModel.swift in Sources */ = {isa = PBXBuildFile; fileRef = AB1CBF89221712E9004B31C7 /* CarDetailDeleteCellViewModel.swift */; };
/* End PBXBuildFile section */

/* Begin PBXFileReference section */
		3CD3AF11625B45D9A03DF17B /* Pods_Automobile_Catalog.framework */ = {isa = PBXFileReference; explicitFileType = wrapper.framework; includeInIndex = 0; path = Pods_Automobile_Catalog.framework; sourceTree = BUILT_PRODUCTS_DIR; };
		A5C304ACF497F816487D9096 /* Pods-Automobile-Catalog.debug.xcconfig */ = {isa = PBXFileReference; includeInIndex = 1; lastKnownFileType = text.xcconfig; name = "Pods-Automobile-Catalog.debug.xcconfig"; path = "Pods/Target Support Files/Pods-Automobile-Catalog/Pods-Automobile-Catalog.debug.xcconfig"; sourceTree = "<group>"; };
		AB1CBF3222169688004B31C7 /* Automobile-Catalog.app */ = {isa = PBXFileReference; explicitFileType = wrapper.application; includeInIndex = 0; path = "Automobile-Catalog.app"; sourceTree = BUILT_PRODUCTS_DIR; };
		AB1CBF3522169689004B31C7 /* AppDelegate.swift */ = {isa = PBXFileReference; lastKnownFileType = sourcecode.swift; path = AppDelegate.swift; sourceTree = "<group>"; };
		AB1CBF3C2216968A004B31C7 /* Assets.xcassets */ = {isa = PBXFileReference; lastKnownFileType = folder.assetcatalog; path = Assets.xcassets; sourceTree = "<group>"; };
		AB1CBF3F2216968A004B31C7 /* Base */ = {isa = PBXFileReference; lastKnownFileType = file.storyboard; name = Base; path = Base.lproj/LaunchScreen.storyboard; sourceTree = "<group>"; };
		AB1CBF412216968A004B31C7 /* Info.plist */ = {isa = PBXFileReference; lastKnownFileType = text.plist.xml; path = Info.plist; sourceTree = "<group>"; };
		AB1CBF4D2216E3D5004B31C7 /* DefaultCell.swift */ = {isa = PBXFileReference; lastKnownFileType = sourcecode.swift; path = DefaultCell.swift; sourceTree = "<group>"; };
		AB1CBF4F2216E407004B31C7 /* RealmWrapper.swift */ = {isa = PBXFileReference; lastKnownFileType = sourcecode.swift; path = RealmWrapper.swift; sourceTree = "<group>"; };
		AB1CBF512216E503004B31C7 /* Realm+Init.swift */ = {isa = PBXFileReference; lastKnownFileType = sourcecode.swift; path = "Realm+Init.swift"; sourceTree = "<group>"; };
		AB1CBF532216E554004B31C7 /* Constant.swift */ = {isa = PBXFileReference; lastKnownFileType = sourcecode.swift; path = Constant.swift; sourceTree = "<group>"; };
		AB1CBF552216E5D3004B31C7 /* UIColor+AppColors.swift */ = {isa = PBXFileReference; lastKnownFileType = sourcecode.swift; path = "UIColor+AppColors.swift"; sourceTree = "<group>"; };
		AB1CBF572216E611004B31C7 /* UITextField+ClearButton.swift */ = {isa = PBXFileReference; lastKnownFileType = sourcecode.swift; path = "UITextField+ClearButton.swift"; sourceTree = "<group>"; };
		AB1CBF592216E68C004B31C7 /* UIAlert+defaultAlert.swift */ = {isa = PBXFileReference; lastKnownFileType = sourcecode.swift; path = "UIAlert+defaultAlert.swift"; sourceTree = "<group>"; };
		AB1CBF5B2216E6BC004B31C7 /* RealmWrapper+ChangeData.swift */ = {isa = PBXFileReference; lastKnownFileType = sourcecode.swift; path = "RealmWrapper+ChangeData.swift"; sourceTree = "<group>"; };
		AB1CBF5D2216E783004B31C7 /* CarsListViewModelProtocol.swift */ = {isa = PBXFileReference; lastKnownFileType = sourcecode.swift; path = CarsListViewModelProtocol.swift; sourceTree = "<group>"; };
		AB1CBF5F2216E7EE004B31C7 /* CarsListTableCellViewModelProtocol.swift */ = {isa = PBXFileReference; lastKnownFileType = sourcecode.swift; path = CarsListTableCellViewModelProtocol.swift; sourceTree = "<group>"; };
		AB1CBF632216E8F6004B31C7 /* Car.swift */ = {isa = PBXFileReference; lastKnownFileType = sourcecode.swift; path = Car.swift; sourceTree = "<group>"; };
		AB1CBF652216EB2C004B31C7 /* RealmCar.swift */ = {isa = PBXFileReference; lastKnownFileType = sourcecode.swift; path = RealmCar.swift; sourceTree = "<group>"; };
		AB1CBF672216F08B004B31C7 /* CarDetailViewModelProtocol.swift */ = {isa = PBXFileReference; lastKnownFileType = sourcecode.swift; path = CarDetailViewModelProtocol.swift; sourceTree = "<group>"; };
		AB1CBF692216F0C0004B31C7 /* CarDetailTableCellViewModelProtocol.swift */ = {isa = PBXFileReference; lastKnownFileType = sourcecode.swift; path = CarDetailTableCellViewModelProtocol.swift; sourceTree = "<group>"; };
		AB1CBF6D2216F48D004B31C7 /* CarsListController.swift */ = {isa = PBXFileReference; lastKnownFileType = sourcecode.swift; path = CarsListController.swift; sourceTree = "<group>"; };
		AB1CBF6F2216F4E0004B31C7 /* CarsListViewModel.swift */ = {isa = PBXFileReference; lastKnownFileType = sourcecode.swift; path = CarsListViewModel.swift; sourceTree = "<group>"; };
		AB1CBF712216F4F6004B31C7 /* CarsListCoordinator.swift */ = {isa = PBXFileReference; lastKnownFileType = sourcecode.swift; path = CarsListCoordinator.swift; sourceTree = "<group>"; };
		AB1CBF752216F7B7004B31C7 /* CarTableCell.swift */ = {isa = PBXFileReference; lastKnownFileType = sourcecode.swift; path = CarTableCell.swift; sourceTree = "<group>"; };
		AB1CBF772216F814004B31C7 /* CarTableCellViewModel.swift */ = {isa = PBXFileReference; lastKnownFileType = sourcecode.swift; path = CarTableCellViewModel.swift; sourceTree = "<group>"; };
		AB1CBF792216FDA6004B31C7 /* CarDetailViewModel.swift */ = {isa = PBXFileReference; lastKnownFileType = sourcecode.swift; path = CarDetailViewModel.swift; sourceTree = "<group>"; };
		AB1CBF7B2216FDBA004B31C7 /* CarDetailController.swift */ = {isa = PBXFileReference; lastKnownFileType = sourcecode.swift; path = CarDetailController.swift; sourceTree = "<group>"; };
		AB1CBF7F2217088E004B31C7 /* CarDetailInfoCell.swift */ = {isa = PBXFileReference; lastKnownFileType = sourcecode.swift; path = CarDetailInfoCell.swift; sourceTree = "<group>"; };
		AB1CBF8122170C03004B31C7 /* CarDetailSubModelCell.swift */ = {isa = PBXFileReference; lastKnownFileType = sourcecode.swift; path = CarDetailSubModelCell.swift; sourceTree = "<group>"; };
		AB1CBF8322170C55004B31C7 /* CarDetailDeleteCell.swift */ = {isa = PBXFileReference; lastKnownFileType = sourcecode.swift; path = CarDetailDeleteCell.swift; sourceTree = "<group>"; };
		AB1CBF8522170C90004B31C7 /* CarDetailInfoCellViewModel.swift */ = {isa = PBXFileReference; lastKnownFileType = sourcecode.swift; path = CarDetailInfoCellViewModel.swift; sourceTree = "<group>"; };
		AB1CBF8722170D5C004B31C7 /* CarDetailSubModelViewModel.swift */ = {isa = PBXFileReference; lastKnownFileType = sourcecode.swift; path = CarDetailSubModelViewModel.swift; sourceTree = "<group>"; };
		AB1CBF89221712E9004B31C7 /* CarDetailDeleteCellViewModel.swift */ = {isa = PBXFileReference; lastKnownFileType = sourcecode.swift; path = CarDetailDeleteCellViewModel.swift; sourceTree = "<group>"; };
		C01C1555E7CA051C55D09D08 /* Pods-Automobile-Catalog.release.xcconfig */ = {isa = PBXFileReference; includeInIndex = 1; lastKnownFileType = text.xcconfig; name = "Pods-Automobile-Catalog.release.xcconfig"; path = "Pods/Target Support Files/Pods-Automobile-Catalog/Pods-Automobile-Catalog.release.xcconfig"; sourceTree = "<group>"; };
/* End PBXFileReference section */

/* Begin PBXFrameworksBuildPhase section */
		AB1CBF2F22169688004B31C7 /* Frameworks */ = {
			isa = PBXFrameworksBuildPhase;
			buildActionMask = 2147483647;
			files = (
				80DD7685317CFC78CB55B753 /* Pods_Automobile_Catalog.framework in Frameworks */,
			);
			runOnlyForDeploymentPostprocessing = 0;
		};
/* End PBXFrameworksBuildPhase section */

/* Begin PBXGroup section */
		8094C0FF6C89B8189EE6E1EE /* Frameworks */ = {
			isa = PBXGroup;
			children = (
				3CD3AF11625B45D9A03DF17B /* Pods_Automobile_Catalog.framework */,
			);
			name = Frameworks;
			sourceTree = "<group>";
		};
		AB1CBF2922169688004B31C7 = {
			isa = PBXGroup;
			children = (
				AB1CBF3422169688004B31C7 /* Automobile-Catalog */,
				AB1CBF3322169688004B31C7 /* Products */,
				EBA5E639901897A7DA9363AA /* Pods */,
				8094C0FF6C89B8189EE6E1EE /* Frameworks */,
			);
			sourceTree = "<group>";
		};
		AB1CBF3322169688004B31C7 /* Products */ = {
			isa = PBXGroup;
			children = (
				AB1CBF3222169688004B31C7 /* Automobile-Catalog.app */,
			);
			name = Products;
			sourceTree = "<group>";
		};
		AB1CBF3422169688004B31C7 /* Automobile-Catalog */ = {
			isa = PBXGroup;
			children = (
				AB1CBF47221696B2004B31C7 /* Base */,
				AB1CBF48221696BA004B31C7 /* View Controllers */,
				AB1CBF4C22169713004B31C7 /* Protocols */,
				AB1CBF4B2216970B004B31C7 /* Extensions */,
				AB1CBF4A221696EF004B31C7 /* Helper */,
				AB1CBF49221696D4004B31C7 /* Models */,
				AB1CBF3522169689004B31C7 /* AppDelegate.swift */,
				AB1CBF3C2216968A004B31C7 /* Assets.xcassets */,
				AB1CBF3E2216968A004B31C7 /* LaunchScreen.storyboard */,
				AB1CBF412216968A004B31C7 /* Info.plist */,
			);
			path = "Automobile-Catalog";
			sourceTree = "<group>";
		};
		AB1CBF47221696B2004B31C7 /* Base */ = {
			isa = PBXGroup;
			children = (
				AB1CBF4D2216E3D5004B31C7 /* DefaultCell.swift */,
				AB1CBF4F2216E407004B31C7 /* RealmWrapper.swift */,
			);
			path = Base;
			sourceTree = "<group>";
		};
		AB1CBF48221696BA004B31C7 /* View Controllers */ = {
			isa = PBXGroup;
			children = (
				AB1CBF6C2216F3A5004B31C7 /* CarDetailScreen */,
				AB1CBF6B2216F355004B31C7 /* CarsListScreen */,
			);
			path = "View Controllers";
			sourceTree = "<group>";
		};
		AB1CBF49221696D4004B31C7 /* Models */ = {
			isa = PBXGroup;
			children = (
				AB1CBF622216E8DE004B31C7 /* Realm */,
				AB1CBF612216E8D8004B31C7 /* Transient */,
			);
			path = Models;
			sourceTree = "<group>";
		};
		AB1CBF4A221696EF004B31C7 /* Helper */ = {
			isa = PBXGroup;
			children = (
				AB1CBF532216E554004B31C7 /* Constant.swift */,
			);
			path = Helper;
			sourceTree = "<group>";
		};
		AB1CBF4B2216970B004B31C7 /* Extensions */ = {
			isa = PBXGroup;
			children = (
				AB1CBF512216E503004B31C7 /* Realm+Init.swift */,
				AB1CBF552216E5D3004B31C7 /* UIColor+AppColors.swift */,
				AB1CBF572216E611004B31C7 /* UITextField+ClearButton.swift */,
				AB1CBF592216E68C004B31C7 /* UIAlert+defaultAlert.swift */,
				AB1CBF5B2216E6BC004B31C7 /* RealmWrapper+ChangeData.swift */,
			);
			path = Extensions;
			sourceTree = "<group>";
		};
		AB1CBF4C22169713004B31C7 /* Protocols */ = {
			isa = PBXGroup;
			children = (
				AB1CBF5D2216E783004B31C7 /* CarsListViewModelProtocol.swift */,
				AB1CBF5F2216E7EE004B31C7 /* CarsListTableCellViewModelProtocol.swift */,
				AB1CBF672216F08B004B31C7 /* CarDetailViewModelProtocol.swift */,
				AB1CBF692216F0C0004B31C7 /* CarDetailTableCellViewModelProtocol.swift */,
			);
			path = Protocols;
			sourceTree = "<group>";
		};
		AB1CBF612216E8D8004B31C7 /* Transient */ = {
			isa = PBXGroup;
			children = (
				AB1CBF632216E8F6004B31C7 /* Car.swift */,
			);
			path = Transient;
			sourceTree = "<group>";
		};
		AB1CBF622216E8DE004B31C7 /* Realm */ = {
			isa = PBXGroup;
			children = (
				AB1CBF652216EB2C004B31C7 /* RealmCar.swift */,
			);
			path = Realm;
			sourceTree = "<group>";
		};
		AB1CBF6B2216F355004B31C7 /* CarsListScreen */ = {
			isa = PBXGroup;
			children = (
				AB1CBF6D2216F48D004B31C7 /* CarsListController.swift */,
				AB1CBF6F2216F4E0004B31C7 /* CarsListViewModel.swift */,
				AB1CBF712216F4F6004B31C7 /* CarsListCoordinator.swift */,
				AB1CBF742216F523004B31C7 /* Cells */,
				AB1CBF732216F508004B31C7 /* ViewModels */,
			);
			path = CarsListScreen;
			sourceTree = "<group>";
		};
		AB1CBF6C2216F3A5004B31C7 /* CarDetailScreen */ = {
			isa = PBXGroup;
			children = (
				AB1CBF792216FDA6004B31C7 /* CarDetailViewModel.swift */,
				AB1CBF7B2216FDBA004B31C7 /* CarDetailController.swift */,
				AB1CBF7D2216FE0E004B31C7 /* Cells */,
				AB1CBF7E2216FE19004B31C7 /* ViewModels */,
			);
			path = CarDetailScreen;
			sourceTree = "<group>";
		};
		AB1CBF732216F508004B31C7 /* ViewModels */ = {
			isa = PBXGroup;
			children = (
				AB1CBF772216F814004B31C7 /* CarTableCellViewModel.swift */,
			);
			path = ViewModels;
			sourceTree = "<group>";
		};
		AB1CBF742216F523004B31C7 /* Cells */ = {
			isa = PBXGroup;
			children = (
				AB1CBF752216F7B7004B31C7 /* CarTableCell.swift */,
			);
			path = Cells;
			sourceTree = "<group>";
		};
		AB1CBF7D2216FE0E004B31C7 /* Cells */ = {
			isa = PBXGroup;
			children = (
				AB1CBF7F2217088E004B31C7 /* CarDetailInfoCell.swift */,
				AB1CBF8122170C03004B31C7 /* CarDetailSubModelCell.swift */,
				AB1CBF8322170C55004B31C7 /* CarDetailDeleteCell.swift */,
			);
			path = Cells;
			sourceTree = "<group>";
		};
		AB1CBF7E2216FE19004B31C7 /* ViewModels */ = {
			isa = PBXGroup;
			children = (
				AB1CBF8522170C90004B31C7 /* CarDetailInfoCellViewModel.swift */,
				AB1CBF8722170D5C004B31C7 /* CarDetailSubModelViewModel.swift */,
				AB1CBF89221712E9004B31C7 /* CarDetailDeleteCellViewModel.swift */,
			);
			path = ViewModels;
			sourceTree = "<group>";
		};
		EBA5E639901897A7DA9363AA /* Pods */ = {
			isa = PBXGroup;
			children = (
				A5C304ACF497F816487D9096 /* Pods-Automobile-Catalog.debug.xcconfig */,
				C01C1555E7CA051C55D09D08 /* Pods-Automobile-Catalog.release.xcconfig */,
			);
			name = Pods;
			sourceTree = "<group>";
		};
/* End PBXGroup section */

/* Begin PBXNativeTarget section */
		AB1CBF3122169688004B31C7 /* Automobile-Catalog */ = {
			isa = PBXNativeTarget;
			buildConfigurationList = AB1CBF442216968A004B31C7 /* Build configuration list for PBXNativeTarget "Automobile-Catalog" */;
			buildPhases = (
				3E3933BD868D88D86EF34E0E /* [CP] Check Pods Manifest.lock */,
				AB1CBF2E22169688004B31C7 /* Sources */,
				AB1CBF2F22169688004B31C7 /* Frameworks */,
				AB1CBF3022169688004B31C7 /* Resources */,
				AF1F6339788280413B8E5F9B /* [CP] Embed Pods Frameworks */,
				AB1CBF8B2217E602004B31C7 /* Run Script (SwiftLint) */,
			);
			buildRules = (
			);
			dependencies = (
			);
			name = "Automobile-Catalog";
			productName = "Automobile-Catalog";
			productReference = AB1CBF3222169688004B31C7 /* Automobile-Catalog.app */;
			productType = "com.apple.product-type.application";
		};
/* End PBXNativeTarget section */

/* Begin PBXProject section */
		AB1CBF2A22169688004B31C7 /* Project object */ = {
			isa = PBXProject;
			attributes = {
				LastSwiftUpdateCheck = 1010;
				LastUpgradeCheck = 1010;
				ORGANIZATIONNAME = "Pavel Kurilov";
				TargetAttributes = {
					AB1CBF3122169688004B31C7 = {
						CreatedOnToolsVersion = 10.1;
					};
				};
			};
			buildConfigurationList = AB1CBF2D22169688004B31C7 /* Build configuration list for PBXProject "Automobile-Catalog" */;
			compatibilityVersion = "Xcode 9.3";
			developmentRegion = en;
			hasScannedForEncodings = 0;
			knownRegions = (
				en,
				Base,
			);
			mainGroup = AB1CBF2922169688004B31C7;
			productRefGroup = AB1CBF3322169688004B31C7 /* Products */;
			projectDirPath = "";
			projectRoot = "";
			targets = (
				AB1CBF3122169688004B31C7 /* Automobile-Catalog */,
			);
		};
/* End PBXProject section */

/* Begin PBXResourcesBuildPhase section */
		AB1CBF3022169688004B31C7 /* Resources */ = {
			isa = PBXResourcesBuildPhase;
			buildActionMask = 2147483647;
			files = (
				AB1CBF402216968A004B31C7 /* LaunchScreen.storyboard in Resources */,
				AB1CBF3D2216968A004B31C7 /* Assets.xcassets in Resources */,
			);
			runOnlyForDeploymentPostprocessing = 0;
		};
/* End PBXResourcesBuildPhase section */

/* Begin PBXShellScriptBuildPhase section */
		3E3933BD868D88D86EF34E0E /* [CP] Check Pods Manifest.lock */ = {
			isa = PBXShellScriptBuildPhase;
			buildActionMask = 2147483647;
			files = (
			);
			inputPaths = (
				"${PODS_PODFILE_DIR_PATH}/Podfile.lock",
				"${PODS_ROOT}/Manifest.lock",
			);
			name = "[CP] Check Pods Manifest.lock";
			outputPaths = (
				"$(DERIVED_FILE_DIR)/Pods-Automobile-Catalog-checkManifestLockResult.txt",
			);
			runOnlyForDeploymentPostprocessing = 0;
			shellPath = /bin/sh;
			shellScript = "diff \"${PODS_PODFILE_DIR_PATH}/Podfile.lock\" \"${PODS_ROOT}/Manifest.lock\" > /dev/null\nif [ $? != 0 ] ; then\n    # print error to STDERR\n    echo \"error: The sandbox is not in sync with the Podfile.lock. Run 'pod install' or update your CocoaPods installation.\" >&2\n    exit 1\nfi\n# This output is used by Xcode 'outputs' to avoid re-running this script phase.\necho \"SUCCESS\" > \"${SCRIPT_OUTPUT_FILE_0}\"\n";
			showEnvVarsInLog = 0;
		};
		AB1CBF8B2217E602004B31C7 /* Run Script (SwiftLint) */ = {
			isa = PBXShellScriptBuildPhase;
			buildActionMask = 2147483647;
			files = (
			);
			inputFileListPaths = (
			);
			inputPaths = (
			);
			name = "Run Script (SwiftLint)";
			outputFileListPaths = (
			);
			outputPaths = (
			);
			runOnlyForDeploymentPostprocessing = 0;
			shellPath = /bin/sh;
			shellScript = "if which swiftlint >/dev/null; then\nswiftlint\nelse\necho \"error: SwiftLint does not exist, download it from https://github.com/realm/SwiftLint\"\nexit 1\nfi\n";
		};
		AF1F6339788280413B8E5F9B /* [CP] Embed Pods Frameworks */ = {
			isa = PBXShellScriptBuildPhase;
			buildActionMask = 2147483647;
			files = (
			);
			inputPaths = (
				"${SRCROOT}/Pods/Target Support Files/Pods-Automobile-Catalog/Pods-Automobile-Catalog-frameworks.sh",
				"${BUILT_PRODUCTS_DIR}/Realm/Realm.framework",
				"${BUILT_PRODUCTS_DIR}/RealmSwift/RealmSwift.framework",
				"${BUILT_PRODUCTS_DIR}/SnapKit/SnapKit.framework",
			);
			name = "[CP] Embed Pods Frameworks";
			outputPaths = (
				"${TARGET_BUILD_DIR}/${FRAMEWORKS_FOLDER_PATH}/Realm.framework",
				"${TARGET_BUILD_DIR}/${FRAMEWORKS_FOLDER_PATH}/RealmSwift.framework",
				"${TARGET_BUILD_DIR}/${FRAMEWORKS_FOLDER_PATH}/SnapKit.framework",
			);
			runOnlyForDeploymentPostprocessing = 0;
			shellPath = /bin/sh;
			shellScript = "\"${SRCROOT}/Pods/Target Support Files/Pods-Automobile-Catalog/Pods-Automobile-Catalog-frameworks.sh\"\n";
			showEnvVarsInLog = 0;
		};
/* End PBXShellScriptBuildPhase section */

/* Begin PBXSourcesBuildPhase section */
		AB1CBF2E22169688004B31C7 /* Sources */ = {
			isa = PBXSourcesBuildPhase;
			buildActionMask = 2147483647;
			files = (
				AB1CBF8622170C90004B31C7 /* CarDetailInfoCellViewModel.swift in Sources */,
				AB1CBF522216E503004B31C7 /* Realm+Init.swift in Sources */,
				AB1CBF8822170D5C004B31C7 /* CarDetailSubModelViewModel.swift in Sources */,
				AB1CBF8422170C55004B31C7 /* CarDetailDeleteCell.swift in Sources */,
				AB1CBF7A2216FDA6004B31C7 /* CarDetailViewModel.swift in Sources */,
				AB1CBF762216F7B7004B31C7 /* CarTableCell.swift in Sources */,
				AB1CBF802217088E004B31C7 /* CarDetailInfoCell.swift in Sources */,
				AB1CBF722216F4F6004B31C7 /* CarsListCoordinator.swift in Sources */,
				AB1CBF4E2216E3D5004B31C7 /* DefaultCell.swift in Sources */,
				AB1CBF5E2216E783004B31C7 /* CarsListViewModelProtocol.swift in Sources */,
				AB1CBF642216E8F6004B31C7 /* Car.swift in Sources */,
				AB1CBF5C2216E6BC004B31C7 /* RealmWrapper+ChangeData.swift in Sources */,
				AB1CBF6A2216F0C0004B31C7 /* CarDetailTableCellViewModelProtocol.swift in Sources */,
				AB1CBF3622169689004B31C7 /* AppDelegate.swift in Sources */,
				AB1CBF502216E407004B31C7 /* RealmWrapper.swift in Sources */,
				AB1CBF782216F814004B31C7 /* CarTableCellViewModel.swift in Sources */,
				AB1CBF702216F4E0004B31C7 /* CarsListViewModel.swift in Sources */,
				AB1CBF582216E611004B31C7 /* UITextField+ClearButton.swift in Sources */,
				AB1CBF7C2216FDBA004B31C7 /* CarDetailController.swift in Sources */,
				AB1CBF602216E7EE004B31C7 /* CarsListTableCellViewModelProtocol.swift in Sources */,
				AB1CBF8222170C03004B31C7 /* CarDetailSubModelCell.swift in Sources */,
				AB1CBF562216E5D3004B31C7 /* UIColor+AppColors.swift in Sources */,
				AB1CBF542216E554004B31C7 /* Constant.swift in Sources */,
				AB1CBF6E2216F48D004B31C7 /* CarsListController.swift in Sources */,
				AB1CBF682216F08B004B31C7 /* CarDetailViewModelProtocol.swift in Sources */,
				AB1CBF8A221712E9004B31C7 /* CarDetailDeleteCellViewModel.swift in Sources */,
				AB1CBF662216EB2C004B31C7 /* RealmCar.swift in Sources */,
				AB1CBF5A2216E68C004B31C7 /* UIAlert+defaultAlert.swift in Sources */,
			);
			runOnlyForDeploymentPostprocessing = 0;
		};
/* End PBXSourcesBuildPhase section */

/* Begin PBXVariantGroup section */
		AB1CBF3E2216968A004B31C7 /* LaunchScreen.storyboard */ = {
			isa = PBXVariantGroup;
			children = (
				AB1CBF3F2216968A004B31C7 /* Base */,
			);
			name = LaunchScreen.storyboard;
			sourceTree = "<group>";
		};
/* End PBXVariantGroup section */

/* Begin XCBuildConfiguration section */
		AB1CBF422216968A004B31C7 /* Debug */ = {
			isa = XCBuildConfiguration;
			buildSettings = {
				ALWAYS_SEARCH_USER_PATHS = NO;
				CLANG_ANALYZER_NONNULL = YES;
				CLANG_ANALYZER_NUMBER_OBJECT_CONVERSION = YES_AGGRESSIVE;
				CLANG_CXX_LANGUAGE_STANDARD = "gnu++14";
				CLANG_CXX_LIBRARY = "libc++";
				CLANG_ENABLE_MODULES = YES;
				CLANG_ENABLE_OBJC_ARC = YES;
				CLANG_ENABLE_OBJC_WEAK = YES;
				CLANG_WARN_BLOCK_CAPTURE_AUTORELEASING = YES;
				CLANG_WARN_BOOL_CONVERSION = YES;
				CLANG_WARN_COMMA = YES;
				CLANG_WARN_CONSTANT_CONVERSION = YES;
				CLANG_WARN_DEPRECATED_OBJC_IMPLEMENTATIONS = YES;
				CLANG_WARN_DIRECT_OBJC_ISA_USAGE = YES_ERROR;
				CLANG_WARN_DOCUMENTATION_COMMENTS = YES;
				CLANG_WARN_EMPTY_BODY = YES;
				CLANG_WARN_ENUM_CONVERSION = YES;
				CLANG_WARN_INFINITE_RECURSION = YES;
				CLANG_WARN_INT_CONVERSION = YES;
				CLANG_WARN_NON_LITERAL_NULL_CONVERSION = YES;
				CLANG_WARN_OBJC_IMPLICIT_RETAIN_SELF = YES;
				CLANG_WARN_OBJC_LITERAL_CONVERSION = YES;
				CLANG_WARN_OBJC_ROOT_CLASS = YES_ERROR;
				CLANG_WARN_RANGE_LOOP_ANALYSIS = YES;
				CLANG_WARN_STRICT_PROTOTYPES = YES;
				CLANG_WARN_SUSPICIOUS_MOVE = YES;
				CLANG_WARN_UNGUARDED_AVAILABILITY = YES_AGGRESSIVE;
				CLANG_WARN_UNREACHABLE_CODE = YES;
				CLANG_WARN__DUPLICATE_METHOD_MATCH = YES;
				CODE_SIGN_IDENTITY = "iPhone Developer";
				COPY_PHASE_STRIP = NO;
				DEBUG_INFORMATION_FORMAT = dwarf;
				ENABLE_STRICT_OBJC_MSGSEND = YES;
				ENABLE_TESTABILITY = YES;
				GCC_C_LANGUAGE_STANDARD = gnu11;
				GCC_DYNAMIC_NO_PIC = NO;
				GCC_NO_COMMON_BLOCKS = YES;
				GCC_OPTIMIZATION_LEVEL = 0;
				GCC_PREPROCESSOR_DEFINITIONS = (
					"DEBUG=1",
					"$(inherited)",
				);
				GCC_WARN_64_TO_32_BIT_CONVERSION = YES;
				GCC_WARN_ABOUT_RETURN_TYPE = YES_ERROR;
				GCC_WARN_UNDECLARED_SELECTOR = YES;
				GCC_WARN_UNINITIALIZED_AUTOS = YES_AGGRESSIVE;
				GCC_WARN_UNUSED_FUNCTION = YES;
				GCC_WARN_UNUSED_VARIABLE = YES;
				IPHONEOS_DEPLOYMENT_TARGET = 12.1;
				MTL_ENABLE_DEBUG_INFO = INCLUDE_SOURCE;
				MTL_FAST_MATH = YES;
				ONLY_ACTIVE_ARCH = YES;
				SDKROOT = iphoneos;
				SWIFT_ACTIVE_COMPILATION_CONDITIONS = DEBUG;
				SWIFT_OPTIMIZATION_LEVEL = "-Onone";
			};
			name = Debug;
		};
		AB1CBF432216968A004B31C7 /* Release */ = {
			isa = XCBuildConfiguration;
			buildSettings = {
				ALWAYS_SEARCH_USER_PATHS = NO;
				CLANG_ANALYZER_NONNULL = YES;
				CLANG_ANALYZER_NUMBER_OBJECT_CONVERSION = YES_AGGRESSIVE;
				CLANG_CXX_LANGUAGE_STANDARD = "gnu++14";
				CLANG_CXX_LIBRARY = "libc++";
				CLANG_ENABLE_MODULES = YES;
				CLANG_ENABLE_OBJC_ARC = YES;
				CLANG_ENABLE_OBJC_WEAK = YES;
				CLANG_WARN_BLOCK_CAPTURE_AUTORELEASING = YES;
				CLANG_WARN_BOOL_CONVERSION = YES;
				CLANG_WARN_COMMA = YES;
				CLANG_WARN_CONSTANT_CONVERSION = YES;
				CLANG_WARN_DEPRECATED_OBJC_IMPLEMENTATIONS = YES;
				CLANG_WARN_DIRECT_OBJC_ISA_USAGE = YES_ERROR;
				CLANG_WARN_DOCUMENTATION_COMMENTS = YES;
				CLANG_WARN_EMPTY_BODY = YES;
				CLANG_WARN_ENUM_CONVERSION = YES;
				CLANG_WARN_INFINITE_RECURSION = YES;
				CLANG_WARN_INT_CONVERSION = YES;
				CLANG_WARN_NON_LITERAL_NULL_CONVERSION = YES;
				CLANG_WARN_OBJC_IMPLICIT_RETAIN_SELF = YES;
				CLANG_WARN_OBJC_LITERAL_CONVERSION = YES;
				CLANG_WARN_OBJC_ROOT_CLASS = YES_ERROR;
				CLANG_WARN_RANGE_LOOP_ANALYSIS = YES;
				CLANG_WARN_STRICT_PROTOTYPES = YES;
				CLANG_WARN_SUSPICIOUS_MOVE = YES;
				CLANG_WARN_UNGUARDED_AVAILABILITY = YES_AGGRESSIVE;
				CLANG_WARN_UNREACHABLE_CODE = YES;
				CLANG_WARN__DUPLICATE_METHOD_MATCH = YES;
				CODE_SIGN_IDENTITY = "iPhone Developer";
				COPY_PHASE_STRIP = NO;
				DEBUG_INFORMATION_FORMAT = "dwarf-with-dsym";
				ENABLE_NS_ASSERTIONS = NO;
				ENABLE_STRICT_OBJC_MSGSEND = YES;
				GCC_C_LANGUAGE_STANDARD = gnu11;
				GCC_NO_COMMON_BLOCKS = YES;
				GCC_WARN_64_TO_32_BIT_CONVERSION = YES;
				GCC_WARN_ABOUT_RETURN_TYPE = YES_ERROR;
				GCC_WARN_UNDECLARED_SELECTOR = YES;
				GCC_WARN_UNINITIALIZED_AUTOS = YES_AGGRESSIVE;
				GCC_WARN_UNUSED_FUNCTION = YES;
				GCC_WARN_UNUSED_VARIABLE = YES;
				IPHONEOS_DEPLOYMENT_TARGET = 12.1;
				MTL_ENABLE_DEBUG_INFO = NO;
				MTL_FAST_MATH = YES;
				SDKROOT = iphoneos;
				SWIFT_COMPILATION_MODE = wholemodule;
				SWIFT_OPTIMIZATION_LEVEL = "-O";
				VALIDATE_PRODUCT = YES;
			};
			name = Release;
		};
		AB1CBF452216968A004B31C7 /* Debug */ = {
			isa = XCBuildConfiguration;
			baseConfigurationReference = A5C304ACF497F816487D9096 /* Pods-Automobile-Catalog.debug.xcconfig */;
			buildSettings = {
				ASSETCATALOG_COMPILER_APPICON_NAME = AppIcon;
				CODE_SIGN_STYLE = Automatic;
				DEVELOPMENT_TEAM = R22NV699R6;
				INFOPLIST_FILE = "Automobile-Catalog/Info.plist";
				IPHONEOS_DEPLOYMENT_TARGET = 11.0;
				LD_RUNPATH_SEARCH_PATHS = (
					"$(inherited)",
					"@executable_path/Frameworks",
				);
				PRODUCT_BUNDLE_IDENTIFIER = "pavelKurilov.com.Automobile-Catalog";
				PRODUCT_NAME = "$(TARGET_NAME)";
				SWIFT_VERSION = 4.2;
				TARGETED_DEVICE_FAMILY = 1;
			};
			name = Debug;
		};
		AB1CBF462216968A004B31C7 /* Release */ = {
			isa = XCBuildConfiguration;
			baseConfigurationReference = C01C1555E7CA051C55D09D08 /* Pods-Automobile-Catalog.release.xcconfig */;
			buildSettings = {
				ASSETCATALOG_COMPILER_APPICON_NAME = AppIcon;
				CODE_SIGN_STYLE = Automatic;
				DEVELOPMENT_TEAM = R22NV699R6;
				INFOPLIST_FILE = "Automobile-Catalog/Info.plist";
				IPHONEOS_DEPLOYMENT_TARGET = 11.0;
				LD_RUNPATH_SEARCH_PATHS = (
					"$(inherited)",
					"@executable_path/Frameworks",
				);
				PRODUCT_BUNDLE_IDENTIFIER = "pavelKurilov.com.Automobile-Catalog";
				PRODUCT_NAME = "$(TARGET_NAME)";
				SWIFT_VERSION = 4.2;
				TARGETED_DEVICE_FAMILY = 1;
			};
			name = Release;
		};
/* End XCBuildConfiguration section */

/* Begin XCConfigurationList section */
		AB1CBF2D22169688004B31C7 /* Build configuration list for PBXProject "Automobile-Catalog" */ = {
			isa = XCConfigurationList;
			buildConfigurations = (
				AB1CBF422216968A004B31C7 /* Debug */,
				AB1CBF432216968A004B31C7 /* Release */,
			);
			defaultConfigurationIsVisible = 0;
			defaultConfigurationName = Release;
		};
		AB1CBF442216968A004B31C7 /* Build configuration list for PBXNativeTarget "Automobile-Catalog" */ = {
			isa = XCConfigurationList;
			buildConfigurations = (
				AB1CBF452216968A004B31C7 /* Debug */,
				AB1CBF462216968A004B31C7 /* Release */,
			);
			defaultConfigurationIsVisible = 0;
			defaultConfigurationName = Release;
		};
/* End XCConfigurationList section */
	};
	rootObject = AB1CBF2A22169688004B31C7 /* Project object */;
}
